// !$*UTF8*$!
{
	archiveVersion = 1;
	classes = {
	};
	objectVersion = 50;
	objects = {

/* Begin PBXBuildFile section */
		18A217A1251283D600177546 /* AppDelegate.swift in Sources */ = {isa = PBXBuildFile; fileRef = 18A217A0251283D600177546 /* AppDelegate.swift */; };
		18A217A3251283D600177546 /* SceneDelegate.swift in Sources */ = {isa = PBXBuildFile; fileRef = 18A217A2251283D600177546 /* SceneDelegate.swift */; };
		18A217A5251283D600177546 /* ContentView.swift in Sources */ = {isa = PBXBuildFile; fileRef = 18A217A4251283D600177546 /* ContentView.swift */; };
		18A217A7251283D900177546 /* Assets.xcassets in Resources */ = {isa = PBXBuildFile; fileRef = 18A217A6251283D900177546 /* Assets.xcassets */; };
		18A217AA251283D900177546 /* Preview Assets.xcassets in Resources */ = {isa = PBXBuildFile; fileRef = 18A217A9251283D900177546 /* Preview Assets.xcassets */; };
		18A217AD251283D900177546 /* LaunchScreen.storyboard in Resources */ = {isa = PBXBuildFile; fileRef = 18A217AB251283D900177546 /* LaunchScreen.storyboard */; };
		18A217B8251283D900177546 /* PipelineTests.swift in Sources */ = {isa = PBXBuildFile; fileRef = 18A217B7251283D900177546 /* PipelineTests.swift */; };
		18A217C3251283DA00177546 /* PipelineUITests.swift in Sources */ = {isa = PBXBuildFile; fileRef = 18A217C2251283DA00177546 /* PipelineUITests.swift */; };
		1D75F8D7B3EBED54117166DF /* Pods_PipelineTests.framework in Frameworks */ = {isa = PBXBuildFile; fileRef = 1B991993B9C39DBFF56CA0D8 /* Pods_PipelineTests.framework */; };
		770639AE25DE9EBC53A2235A /* Pods_Pipeline.framework in Frameworks */ = {isa = PBXBuildFile; fileRef = AF63FCFF3F4AF52BC01DC127 /* Pods_Pipeline.framework */; };
		ADE8B35F8C0D626A8DA5F717 /* Pods_Pipeline_PipelineUITests.framework in Frameworks */ = {isa = PBXBuildFile; fileRef = F9BC2AEC7ECCDBE883B4E6E4 /* Pods_Pipeline_PipelineUITests.framework */; };
/* End PBXBuildFile section */

/* Begin PBXContainerItemProxy section */
		18A217B4251283D900177546 /* PBXContainerItemProxy */ = {
			isa = PBXContainerItemProxy;
			containerPortal = 18A21795251283D600177546 /* Project object */;
			proxyType = 1;
			remoteGlobalIDString = 18A2179C251283D600177546;
			remoteInfo = Pipeline;
		};
		18A217BF251283DA00177546 /* PBXContainerItemProxy */ = {
			isa = PBXContainerItemProxy;
			containerPortal = 18A21795251283D600177546 /* Project object */;
			proxyType = 1;
			remoteGlobalIDString = 18A2179C251283D600177546;
			remoteInfo = Pipeline;
		};
/* End PBXContainerItemProxy section */

/* Begin PBXFileReference section */
		02F0E7E7962D5623C8AF8A5A /* Pods-Pipeline.debug.xcconfig */ = {isa = PBXFileReference; includeInIndex = 1; lastKnownFileType = text.xcconfig; name = "Pods-Pipeline.debug.xcconfig"; path = "Target Support Files/Pods-Pipeline/Pods-Pipeline.debug.xcconfig"; sourceTree = "<group>"; };
		152A76EFAD90063267155CCB /* Pods-Pipeline.release.xcconfig */ = {isa = PBXFileReference; includeInIndex = 1; lastKnownFileType = text.xcconfig; name = "Pods-Pipeline.release.xcconfig"; path = "Target Support Files/Pods-Pipeline/Pods-Pipeline.release.xcconfig"; sourceTree = "<group>"; };
		18A2179D251283D600177546 /* Pipeline.app */ = {isa = PBXFileReference; explicitFileType = wrapper.application; includeInIndex = 0; path = Pipeline.app; sourceTree = BUILT_PRODUCTS_DIR; };
		18A217A0251283D600177546 /* AppDelegate.swift */ = {isa = PBXFileReference; lastKnownFileType = sourcecode.swift; path = AppDelegate.swift; sourceTree = "<group>"; };
		18A217A2251283D600177546 /* SceneDelegate.swift */ = {isa = PBXFileReference; lastKnownFileType = sourcecode.swift; path = SceneDelegate.swift; sourceTree = "<group>"; };
		18A217A4251283D600177546 /* ContentView.swift */ = {isa = PBXFileReference; lastKnownFileType = sourcecode.swift; path = ContentView.swift; sourceTree = "<group>"; };
		18A217A6251283D900177546 /* Assets.xcassets */ = {isa = PBXFileReference; lastKnownFileType = folder.assetcatalog; path = Assets.xcassets; sourceTree = "<group>"; };
		18A217A9251283D900177546 /* Preview Assets.xcassets */ = {isa = PBXFileReference; lastKnownFileType = folder.assetcatalog; path = "Preview Assets.xcassets"; sourceTree = "<group>"; };
		18A217AC251283D900177546 /* Base */ = {isa = PBXFileReference; lastKnownFileType = file.storyboard; name = Base; path = Base.lproj/LaunchScreen.storyboard; sourceTree = "<group>"; };
		18A217AE251283D900177546 /* Info.plist */ = {isa = PBXFileReference; lastKnownFileType = text.plist.xml; path = Info.plist; sourceTree = "<group>"; };
		18A217B3251283D900177546 /* PipelineTests.xctest */ = {isa = PBXFileReference; explicitFileType = wrapper.cfbundle; includeInIndex = 0; path = PipelineTests.xctest; sourceTree = BUILT_PRODUCTS_DIR; };
		18A217B7251283D900177546 /* PipelineTests.swift */ = {isa = PBXFileReference; lastKnownFileType = sourcecode.swift; path = PipelineTests.swift; sourceTree = "<group>"; };
		18A217B9251283D900177546 /* Info.plist */ = {isa = PBXFileReference; lastKnownFileType = text.plist.xml; path = Info.plist; sourceTree = "<group>"; };
		18A217BE251283DA00177546 /* PipelineUITests.xctest */ = {isa = PBXFileReference; explicitFileType = wrapper.cfbundle; includeInIndex = 0; path = PipelineUITests.xctest; sourceTree = BUILT_PRODUCTS_DIR; };
		18A217C2251283DA00177546 /* PipelineUITests.swift */ = {isa = PBXFileReference; lastKnownFileType = sourcecode.swift; path = PipelineUITests.swift; sourceTree = "<group>"; };
		18A217C4251283DA00177546 /* Info.plist */ = {isa = PBXFileReference; lastKnownFileType = text.plist.xml; path = Info.plist; sourceTree = "<group>"; };
		1B991993B9C39DBFF56CA0D8 /* Pods_PipelineTests.framework */ = {isa = PBXFileReference; explicitFileType = wrapper.framework; includeInIndex = 0; path = Pods_PipelineTests.framework; sourceTree = BUILT_PRODUCTS_DIR; };
		5029130DCF0D6329C6DE966C /* Pods-Pipeline-PipelineUITests.release.xcconfig */ = {isa = PBXFileReference; includeInIndex = 1; lastKnownFileType = text.xcconfig; name = "Pods-Pipeline-PipelineUITests.release.xcconfig"; path = "Target Support Files/Pods-Pipeline-PipelineUITests/Pods-Pipeline-PipelineUITests.release.xcconfig"; sourceTree = "<group>"; };
		67A92CCC4E0FF1C83C1253F6 /* Pods-PipelineTests.debug.xcconfig */ = {isa = PBXFileReference; includeInIndex = 1; lastKnownFileType = text.xcconfig; name = "Pods-PipelineTests.debug.xcconfig"; path = "Target Support Files/Pods-PipelineTests/Pods-PipelineTests.debug.xcconfig"; sourceTree = "<group>"; };
		AF63FCFF3F4AF52BC01DC127 /* Pods_Pipeline.framework */ = {isa = PBXFileReference; explicitFileType = wrapper.framework; includeInIndex = 0; path = Pods_Pipeline.framework; sourceTree = BUILT_PRODUCTS_DIR; };
		D92E226728C92A8ED68BDCCA /* Pods-Pipeline-PipelineUITests.debug.xcconfig */ = {isa = PBXFileReference; includeInIndex = 1; lastKnownFileType = text.xcconfig; name = "Pods-Pipeline-PipelineUITests.debug.xcconfig"; path = "Target Support Files/Pods-Pipeline-PipelineUITests/Pods-Pipeline-PipelineUITests.debug.xcconfig"; sourceTree = "<group>"; };
		F9BC2AEC7ECCDBE883B4E6E4 /* Pods_Pipeline_PipelineUITests.framework */ = {isa = PBXFileReference; explicitFileType = wrapper.framework; includeInIndex = 0; path = Pods_Pipeline_PipelineUITests.framework; sourceTree = BUILT_PRODUCTS_DIR; };
		FFF6E6999B4D0713D84C4F36 /* Pods-PipelineTests.release.xcconfig */ = {isa = PBXFileReference; includeInIndex = 1; lastKnownFileType = text.xcconfig; name = "Pods-PipelineTests.release.xcconfig"; path = "Target Support Files/Pods-PipelineTests/Pods-PipelineTests.release.xcconfig"; sourceTree = "<group>"; };
/* End PBXFileReference section */

/* Begin PBXFrameworksBuildPhase section */
		18A2179A251283D600177546 /* Frameworks */ = {
			isa = PBXFrameworksBuildPhase;
			buildActionMask = 2147483647;
			files = (
				770639AE25DE9EBC53A2235A /* Pods_Pipeline.framework in Frameworks */,
			);
			runOnlyForDeploymentPostprocessing = 0;
		};
		18A217B0251283D900177546 /* Frameworks */ = {
			isa = PBXFrameworksBuildPhase;
			buildActionMask = 2147483647;
			files = (
				1D75F8D7B3EBED54117166DF /* Pods_PipelineTests.framework in Frameworks */,
			);
			runOnlyForDeploymentPostprocessing = 0;
		};
		18A217BB251283DA00177546 /* Frameworks */ = {
			isa = PBXFrameworksBuildPhase;
			buildActionMask = 2147483647;
			files = (
				ADE8B35F8C0D626A8DA5F717 /* Pods_Pipeline_PipelineUITests.framework in Frameworks */,
			);
			runOnlyForDeploymentPostprocessing = 0;
		};
/* End PBXFrameworksBuildPhase section */

/* Begin PBXGroup section */
		18A21794251283D600177546 = {
			isa = PBXGroup;
			children = (
				18A2179F251283D600177546 /* Pipeline */,
				18A217B6251283D900177546 /* PipelineTests */,
				18A217C1251283DA00177546 /* PipelineUITests */,
				18A2179E251283D600177546 /* Products */,
				4585E50C3E3E5F815DE1763A /* Pods */,
				2B3F12DB290F90C67B37249F /* Frameworks */,
			);
			sourceTree = "<group>";
		};
		18A2179E251283D600177546 /* Products */ = {
			isa = PBXGroup;
			children = (
				18A2179D251283D600177546 /* Pipeline.app */,
				18A217B3251283D900177546 /* PipelineTests.xctest */,
				18A217BE251283DA00177546 /* PipelineUITests.xctest */,
			);
			name = Products;
			sourceTree = "<group>";
		};
		18A2179F251283D600177546 /* Pipeline */ = {
			isa = PBXGroup;
			children = (
				18A217A0251283D600177546 /* AppDelegate.swift */,
				18A217A2251283D600177546 /* SceneDelegate.swift */,
				18A217A4251283D600177546 /* ContentView.swift */,
				18A217A6251283D900177546 /* Assets.xcassets */,
				18A217AB251283D900177546 /* LaunchScreen.storyboard */,
				18A217AE251283D900177546 /* Info.plist */,
				18A217A8251283D900177546 /* Preview Content */,
			);
			path = Pipeline;
			sourceTree = "<group>";
		};
		18A217A8251283D900177546 /* Preview Content */ = {
			isa = PBXGroup;
			children = (
				18A217A9251283D900177546 /* Preview Assets.xcassets */,
			);
			path = "Preview Content";
			sourceTree = "<group>";
		};
		18A217B6251283D900177546 /* PipelineTests */ = {
			isa = PBXGroup;
			children = (
				18A217B7251283D900177546 /* PipelineTests.swift */,
				18A217B9251283D900177546 /* Info.plist */,
			);
			path = PipelineTests;
			sourceTree = "<group>";
		};
		18A217C1251283DA00177546 /* PipelineUITests */ = {
			isa = PBXGroup;
			children = (
				18A217C2251283DA00177546 /* PipelineUITests.swift */,
				18A217C4251283DA00177546 /* Info.plist */,
			);
			path = PipelineUITests;
			sourceTree = "<group>";
		};
		2B3F12DB290F90C67B37249F /* Frameworks */ = {
			isa = PBXGroup;
			children = (
				AF63FCFF3F4AF52BC01DC127 /* Pods_Pipeline.framework */,
				F9BC2AEC7ECCDBE883B4E6E4 /* Pods_Pipeline_PipelineUITests.framework */,
				1B991993B9C39DBFF56CA0D8 /* Pods_PipelineTests.framework */,
			);
			name = Frameworks;
			sourceTree = "<group>";
		};
		4585E50C3E3E5F815DE1763A /* Pods */ = {
			isa = PBXGroup;
			children = (
				02F0E7E7962D5623C8AF8A5A /* Pods-Pipeline.debug.xcconfig */,
				152A76EFAD90063267155CCB /* Pods-Pipeline.release.xcconfig */,
				D92E226728C92A8ED68BDCCA /* Pods-Pipeline-PipelineUITests.debug.xcconfig */,
				5029130DCF0D6329C6DE966C /* Pods-Pipeline-PipelineUITests.release.xcconfig */,
				67A92CCC4E0FF1C83C1253F6 /* Pods-PipelineTests.debug.xcconfig */,
				FFF6E6999B4D0713D84C4F36 /* Pods-PipelineTests.release.xcconfig */,
			);
			path = Pods;
			sourceTree = "<group>";
		};
/* End PBXGroup section */

/* Begin PBXNativeTarget section */
		18A2179C251283D600177546 /* Pipeline */ = {
			isa = PBXNativeTarget;
			buildConfigurationList = 18A217C7251283DA00177546 /* Build configuration list for PBXNativeTarget "Pipeline" */;
			buildPhases = (
				8CA48B054444B111EAF7A071 /* [CP] Check Pods Manifest.lock */,
				18A21799251283D600177546 /* Sources */,
				18A2179A251283D600177546 /* Frameworks */,
				18A2179B251283D600177546 /* Resources */,
			);
			buildRules = (
			);
			dependencies = (
			);
			name = Pipeline;
			productName = Pipeline;
			productReference = 18A2179D251283D600177546 /* Pipeline.app */;
			productType = "com.apple.product-type.application";
		};
		18A217B2251283D900177546 /* PipelineTests */ = {
			isa = PBXNativeTarget;
			buildConfigurationList = 18A217CA251283DA00177546 /* Build configuration list for PBXNativeTarget "PipelineTests" */;
			buildPhases = (
				62D0251E85E40CFF05543AF3 /* [CP] Check Pods Manifest.lock */,
				18A217AF251283D900177546 /* Sources */,
				18A217B0251283D900177546 /* Frameworks */,
				18A217B1251283D900177546 /* Resources */,
			);
			buildRules = (
			);
			dependencies = (
				18A217B5251283D900177546 /* PBXTargetDependency */,
			);
			name = PipelineTests;
			productName = PipelineTests;
			productReference = 18A217B3251283D900177546 /* PipelineTests.xctest */;
			productType = "com.apple.product-type.bundle.unit-test";
		};
		18A217BD251283DA00177546 /* PipelineUITests */ = {
			isa = PBXNativeTarget;
			buildConfigurationList = 18A217CD251283DA00177546 /* Build configuration list for PBXNativeTarget "PipelineUITests" */;
			buildPhases = (
				6B63BED179F20E7D6D721805 /* [CP] Check Pods Manifest.lock */,
				18A217BA251283DA00177546 /* Sources */,
				18A217BB251283DA00177546 /* Frameworks */,
				18A217BC251283DA00177546 /* Resources */,
			);
			buildRules = (
			);
			dependencies = (
				18A217C0251283DA00177546 /* PBXTargetDependency */,
			);
			name = PipelineUITests;
			productName = PipelineUITests;
			productReference = 18A217BE251283DA00177546 /* PipelineUITests.xctest */;
			productType = "com.apple.product-type.bundle.ui-testing";
		};
/* End PBXNativeTarget section */

/* Begin PBXProject section */
		18A21795251283D600177546 /* Project object */ = {
			isa = PBXProject;
			attributes = {
				LastSwiftUpdateCheck = 1170;
				LastUpgradeCheck = 1170;
				ORGANIZATIONNAME = "Víctor Márquez";
				TargetAttributes = {
					18A2179C251283D600177546 = {
						CreatedOnToolsVersion = 11.7;
					};
					18A217B2251283D900177546 = {
						CreatedOnToolsVersion = 11.7;
						TestTargetID = 18A2179C251283D600177546;
					};
					18A217BD251283DA00177546 = {
						CreatedOnToolsVersion = 11.7;
						TestTargetID = 18A2179C251283D600177546;
					};
				};
			};
			buildConfigurationList = 18A21798251283D600177546 /* Build configuration list for PBXProject "Pipeline" */;
			compatibilityVersion = "Xcode 9.3";
			developmentRegion = en;
			hasScannedForEncodings = 0;
			knownRegions = (
				en,
				Base,
			);
			mainGroup = 18A21794251283D600177546;
			productRefGroup = 18A2179E251283D600177546 /* Products */;
			projectDirPath = "";
			projectRoot = "";
			targets = (
				18A2179C251283D600177546 /* Pipeline */,
				18A217B2251283D900177546 /* PipelineTests */,
				18A217BD251283DA00177546 /* PipelineUITests */,
			);
		};
/* End PBXProject section */

/* Begin PBXResourcesBuildPhase section */
		18A2179B251283D600177546 /* Resources */ = {
			isa = PBXResourcesBuildPhase;
			buildActionMask = 2147483647;
			files = (
				18A217AD251283D900177546 /* LaunchScreen.storyboard in Resources */,
				18A217AA251283D900177546 /* Preview Assets.xcassets in Resources */,
				18A217A7251283D900177546 /* Assets.xcassets in Resources */,
			);
			runOnlyForDeploymentPostprocessing = 0;
		};
		18A217B1251283D900177546 /* Resources */ = {
			isa = PBXResourcesBuildPhase;
			buildActionMask = 2147483647;
			files = (
			);
			runOnlyForDeploymentPostprocessing = 0;
		};
		18A217BC251283DA00177546 /* Resources */ = {
			isa = PBXResourcesBuildPhase;
			buildActionMask = 2147483647;
			files = (
			);
			runOnlyForDeploymentPostprocessing = 0;
		};
/* End PBXResourcesBuildPhase section */

/* Begin PBXShellScriptBuildPhase section */
		62D0251E85E40CFF05543AF3 /* [CP] Check Pods Manifest.lock */ = {
			isa = PBXShellScriptBuildPhase;
			buildActionMask = 2147483647;
			files = (
			);
			inputFileListPaths = (
			);
			inputPaths = (
				"${PODS_PODFILE_DIR_PATH}/Podfile.lock",
				"${PODS_ROOT}/Manifest.lock",
			);
			name = "[CP] Check Pods Manifest.lock";
			outputFileListPaths = (
			);
			outputPaths = (
				"$(DERIVED_FILE_DIR)/Pods-PipelineTests-checkManifestLockResult.txt",
			);
			runOnlyForDeploymentPostprocessing = 0;
			shellPath = /bin/sh;
			shellScript = "diff \"${PODS_PODFILE_DIR_PATH}/Podfile.lock\" \"${PODS_ROOT}/Manifest.lock\" > /dev/null\nif [ $? != 0 ] ; then\n    # print error to STDERR\n    echo \"error: The sandbox is not in sync with the Podfile.lock. Run 'pod install' or update your CocoaPods installation.\" >&2\n    exit 1\nfi\n# This output is used by Xcode 'outputs' to avoid re-running this script phase.\necho \"SUCCESS\" > \"${SCRIPT_OUTPUT_FILE_0}\"\n";
			showEnvVarsInLog = 0;
		};
		6B63BED179F20E7D6D721805 /* [CP] Check Pods Manifest.lock */ = {
			isa = PBXShellScriptBuildPhase;
			buildActionMask = 2147483647;
			files = (
			);
			inputFileListPaths = (
			);
			inputPaths = (
				"${PODS_PODFILE_DIR_PATH}/Podfile.lock",
				"${PODS_ROOT}/Manifest.lock",
			);
			name = "[CP] Check Pods Manifest.lock";
			outputFileListPaths = (
			);
			outputPaths = (
				"$(DERIVED_FILE_DIR)/Pods-Pipeline-PipelineUITests-checkManifestLockResult.txt",
			);
			runOnlyForDeploymentPostprocessing = 0;
			shellPath = /bin/sh;
			shellScript = "diff \"${PODS_PODFILE_DIR_PATH}/Podfile.lock\" \"${PODS_ROOT}/Manifest.lock\" > /dev/null\nif [ $? != 0 ] ; then\n    # print error to STDERR\n    echo \"error: The sandbox is not in sync with the Podfile.lock. Run 'pod install' or update your CocoaPods installation.\" >&2\n    exit 1\nfi\n# This output is used by Xcode 'outputs' to avoid re-running this script phase.\necho \"SUCCESS\" > \"${SCRIPT_OUTPUT_FILE_0}\"\n";
			showEnvVarsInLog = 0;
		};
		8CA48B054444B111EAF7A071 /* [CP] Check Pods Manifest.lock */ = {
			isa = PBXShellScriptBuildPhase;
			buildActionMask = 2147483647;
			files = (
			);
			inputFileListPaths = (
			);
			inputPaths = (
				"${PODS_PODFILE_DIR_PATH}/Podfile.lock",
				"${PODS_ROOT}/Manifest.lock",
			);
			name = "[CP] Check Pods Manifest.lock";
			outputFileListPaths = (
			);
			outputPaths = (
				"$(DERIVED_FILE_DIR)/Pods-Pipeline-checkManifestLockResult.txt",
			);
			runOnlyForDeploymentPostprocessing = 0;
			shellPath = /bin/sh;
			shellScript = "diff \"${PODS_PODFILE_DIR_PATH}/Podfile.lock\" \"${PODS_ROOT}/Manifest.lock\" > /dev/null\nif [ $? != 0 ] ; then\n    # print error to STDERR\n    echo \"error: The sandbox is not in sync with the Podfile.lock. Run 'pod install' or update your CocoaPods installation.\" >&2\n    exit 1\nfi\n# This output is used by Xcode 'outputs' to avoid re-running this script phase.\necho \"SUCCESS\" > \"${SCRIPT_OUTPUT_FILE_0}\"\n";
			showEnvVarsInLog = 0;
		};
/* End PBXShellScriptBuildPhase section */

/* Begin PBXSourcesBuildPhase section */
		18A21799251283D600177546 /* Sources */ = {
			isa = PBXSourcesBuildPhase;
			buildActionMask = 2147483647;
			files = (
				18A217A1251283D600177546 /* AppDelegate.swift in Sources */,
				18A217A3251283D600177546 /* SceneDelegate.swift in Sources */,
				18A217A5251283D600177546 /* ContentView.swift in Sources */,
			);
			runOnlyForDeploymentPostprocessing = 0;
		};
		18A217AF251283D900177546 /* Sources */ = {
			isa = PBXSourcesBuildPhase;
			buildActionMask = 2147483647;
			files = (
				18A217B8251283D900177546 /* PipelineTests.swift in Sources */,
			);
			runOnlyForDeploymentPostprocessing = 0;
		};
		18A217BA251283DA00177546 /* Sources */ = {
			isa = PBXSourcesBuildPhase;
			buildActionMask = 2147483647;
			files = (
				18A217C3251283DA00177546 /* PipelineUITests.swift in Sources */,
			);
			runOnlyForDeploymentPostprocessing = 0;
		};
/* End PBXSourcesBuildPhase section */

/* Begin PBXTargetDependency section */
		18A217B5251283D900177546 /* PBXTargetDependency */ = {
			isa = PBXTargetDependency;
			target = 18A2179C251283D600177546 /* Pipeline */;
			targetProxy = 18A217B4251283D900177546 /* PBXContainerItemProxy */;
		};
		18A217C0251283DA00177546 /* PBXTargetDependency */ = {
			isa = PBXTargetDependency;
			target = 18A2179C251283D600177546 /* Pipeline */;
			targetProxy = 18A217BF251283DA00177546 /* PBXContainerItemProxy */;
		};
/* End PBXTargetDependency section */

/* Begin PBXVariantGroup section */
		18A217AB251283D900177546 /* LaunchScreen.storyboard */ = {
			isa = PBXVariantGroup;
			children = (
				18A217AC251283D900177546 /* Base */,
			);
			name = LaunchScreen.storyboard;
			sourceTree = "<group>";
		};
/* End PBXVariantGroup section */

/* Begin XCBuildConfiguration section */
		18A217C5251283DA00177546 /* Debug */ = {
			isa = XCBuildConfiguration;
			buildSettings = {
				ALWAYS_SEARCH_USER_PATHS = NO;
				CLANG_ANALYZER_NONNULL = YES;
				CLANG_ANALYZER_NUMBER_OBJECT_CONVERSION = YES_AGGRESSIVE;
				CLANG_CXX_LANGUAGE_STANDARD = "gnu++14";
				CLANG_CXX_LIBRARY = "libc++";
				CLANG_ENABLE_MODULES = YES;
				CLANG_ENABLE_OBJC_ARC = YES;
				CLANG_ENABLE_OBJC_WEAK = YES;
				CLANG_WARN_BLOCK_CAPTURE_AUTORELEASING = YES;
				CLANG_WARN_BOOL_CONVERSION = YES;
				CLANG_WARN_COMMA = YES;
				CLANG_WARN_CONSTANT_CONVERSION = YES;
				CLANG_WARN_DEPRECATED_OBJC_IMPLEMENTATIONS = YES;
				CLANG_WARN_DIRECT_OBJC_ISA_USAGE = YES_ERROR;
				CLANG_WARN_DOCUMENTATION_COMMENTS = YES;
				CLANG_WARN_EMPTY_BODY = YES;
				CLANG_WARN_ENUM_CONVERSION = YES;
				CLANG_WARN_INFINITE_RECURSION = YES;
				CLANG_WARN_INT_CONVERSION = YES;
				CLANG_WARN_NON_LITERAL_NULL_CONVERSION = YES;
				CLANG_WARN_OBJC_IMPLICIT_RETAIN_SELF = YES;
				CLANG_WARN_OBJC_LITERAL_CONVERSION = YES;
				CLANG_WARN_OBJC_ROOT_CLASS = YES_ERROR;
				CLANG_WARN_RANGE_LOOP_ANALYSIS = YES;
				CLANG_WARN_STRICT_PROTOTYPES = YES;
				CLANG_WARN_SUSPICIOUS_MOVE = YES;
				CLANG_WARN_UNGUARDED_AVAILABILITY = YES_AGGRESSIVE;
				CLANG_WARN_UNREACHABLE_CODE = YES;
				CLANG_WARN__DUPLICATE_METHOD_MATCH = YES;
				COPY_PHASE_STRIP = NO;
				DEBUG_INFORMATION_FORMAT = dwarf;
				ENABLE_STRICT_OBJC_MSGSEND = YES;
				ENABLE_TESTABILITY = YES;
				GCC_C_LANGUAGE_STANDARD = gnu11;
				GCC_DYNAMIC_NO_PIC = NO;
				GCC_NO_COMMON_BLOCKS = YES;
				GCC_OPTIMIZATION_LEVEL = 0;
				GCC_PREPROCESSOR_DEFINITIONS = (
					"DEBUG=1",
					"$(inherited)",
				);
				GCC_WARN_64_TO_32_BIT_CONVERSION = YES;
				GCC_WARN_ABOUT_RETURN_TYPE = YES_ERROR;
				GCC_WARN_UNDECLARED_SELECTOR = YES;
				GCC_WARN_UNINITIALIZED_AUTOS = YES_AGGRESSIVE;
				GCC_WARN_UNUSED_FUNCTION = YES;
				GCC_WARN_UNUSED_VARIABLE = YES;
				IPHONEOS_DEPLOYMENT_TARGET = 13.7;
				MTL_ENABLE_DEBUG_INFO = INCLUDE_SOURCE;
				MTL_FAST_MATH = YES;
				ONLY_ACTIVE_ARCH = YES;
				SDKROOT = iphoneos;
				SWIFT_ACTIVE_COMPILATION_CONDITIONS = DEBUG;
				SWIFT_OPTIMIZATION_LEVEL = "-Onone";
			};
			name = Debug;
		};
		18A217C6251283DA00177546 /* Release */ = {
			isa = XCBuildConfiguration;
			buildSettings = {
				ALWAYS_SEARCH_USER_PATHS = NO;
				CLANG_ANALYZER_NONNULL = YES;
				CLANG_ANALYZER_NUMBER_OBJECT_CONVERSION = YES_AGGRESSIVE;
				CLANG_CXX_LANGUAGE_STANDARD = "gnu++14";
				CLANG_CXX_LIBRARY = "libc++";
				CLANG_ENABLE_MODULES = YES;
				CLANG_ENABLE_OBJC_ARC = YES;
				CLANG_ENABLE_OBJC_WEAK = YES;
				CLANG_WARN_BLOCK_CAPTURE_AUTORELEASING = YES;
				CLANG_WARN_BOOL_CONVERSION = YES;
				CLANG_WARN_COMMA = YES;
				CLANG_WARN_CONSTANT_CONVERSION = YES;
				CLANG_WARN_DEPRECATED_OBJC_IMPLEMENTATIONS = YES;
				CLANG_WARN_DIRECT_OBJC_ISA_USAGE = YES_ERROR;
				CLANG_WARN_DOCUMENTATION_COMMENTS = YES;
				CLANG_WARN_EMPTY_BODY = YES;
				CLANG_WARN_ENUM_CONVERSION = YES;
				CLANG_WARN_INFINITE_RECURSION = YES;
				CLANG_WARN_INT_CONVERSION = YES;
				CLANG_WARN_NON_LITERAL_NULL_CONVERSION = YES;
				CLANG_WARN_OBJC_IMPLICIT_RETAIN_SELF = YES;
				CLANG_WARN_OBJC_LITERAL_CONVERSION = YES;
				CLANG_WARN_OBJC_ROOT_CLASS = YES_ERROR;
				CLANG_WARN_RANGE_LOOP_ANALYSIS = YES;
				CLANG_WARN_STRICT_PROTOTYPES = YES;
				CLANG_WARN_SUSPICIOUS_MOVE = YES;
				CLANG_WARN_UNGUARDED_AVAILABILITY = YES_AGGRESSIVE;
				CLANG_WARN_UNREACHABLE_CODE = YES;
				CLANG_WARN__DUPLICATE_METHOD_MATCH = YES;
				COPY_PHASE_STRIP = NO;
				DEBUG_INFORMATION_FORMAT = "dwarf-with-dsym";
				ENABLE_NS_ASSERTIONS = NO;
				ENABLE_STRICT_OBJC_MSGSEND = YES;
				GCC_C_LANGUAGE_STANDARD = gnu11;
				GCC_NO_COMMON_BLOCKS = YES;
				GCC_WARN_64_TO_32_BIT_CONVERSION = YES;
				GCC_WARN_ABOUT_RETURN_TYPE = YES_ERROR;
				GCC_WARN_UNDECLARED_SELECTOR = YES;
				GCC_WARN_UNINITIALIZED_AUTOS = YES_AGGRESSIVE;
				GCC_WARN_UNUSED_FUNCTION = YES;
				GCC_WARN_UNUSED_VARIABLE = YES;
				IPHONEOS_DEPLOYMENT_TARGET = 13.7;
				MTL_ENABLE_DEBUG_INFO = NO;
				MTL_FAST_MATH = YES;
				SDKROOT = iphoneos;
				SWIFT_COMPILATION_MODE = wholemodule;
				SWIFT_OPTIMIZATION_LEVEL = "-O";
				VALIDATE_PRODUCT = YES;
			};
			name = Release;
		};
		18A217C8251283DA00177546 /* Debug */ = {
			isa = XCBuildConfiguration;
			baseConfigurationReference = 02F0E7E7962D5623C8AF8A5A /* Pods-Pipeline.debug.xcconfig */;
			buildSettings = {
				ASSETCATALOG_COMPILER_APPICON_NAME = AppIcon;
				CODE_SIGN_IDENTITY = "iPhone Developer";
				CODE_SIGN_STYLE = Manual;
				DEVELOPMENT_ASSET_PATHS = "\"Pipeline/Preview Content\"";
				DEVELOPMENT_TEAM = 4V57NFUFL5;
				ENABLE_PREVIEWS = YES;
				INFOPLIST_FILE = Pipeline/Info.plist;
				LD_RUNPATH_SEARCH_PATHS = (
					"$(inherited)",
					"@executable_path/Frameworks",
				);
				PRODUCT_BUNDLE_IDENTIFIER = com.acciona.Pipeline;
				PRODUCT_NAME = "$(TARGET_NAME)";
				PROVISIONING_PROFILE_SPECIFIER = "Development Profile - Prueba com.acciona.Pipeline";
				SWIFT_VERSION = 5.0;
				TARGETED_DEVICE_FAMILY = "1,2";
			};
			name = Debug;
		};
		18A217C9251283DA00177546 /* Release */ = {
			isa = XCBuildConfiguration;
			baseConfigurationReference = 152A76EFAD90063267155CCB /* Pods-Pipeline.release.xcconfig */;
			buildSettings = {
				ASSETCATALOG_COMPILER_APPICON_NAME = AppIcon;
				CODE_SIGN_IDENTITY = "iPhone Developer";
				CODE_SIGN_STYLE = Manual;
				DEVELOPMENT_ASSET_PATHS = "\"Pipeline/Preview Content\"";
				DEVELOPMENT_TEAM = 4V57NFUFL5;
				ENABLE_PREVIEWS = YES;
				INFOPLIST_FILE = Pipeline/Info.plist;
				LD_RUNPATH_SEARCH_PATHS = (
					"$(inherited)",
					"@executable_path/Frameworks",
				);
				PRODUCT_BUNDLE_IDENTIFIER = com.acciona.Pipeline;
				PRODUCT_NAME = "$(TARGET_NAME)";
				PROVISIONING_PROFILE_SPECIFIER = "Development Profile - Prueba com.acciona.Pipeline";
				SWIFT_VERSION = 5.0;
				TARGETED_DEVICE_FAMILY = "1,2";
			};
			name = Release;
		};
		18A217CB251283DA00177546 /* Debug */ = {
			isa = XCBuildConfiguration;
			baseConfigurationReference = 67A92CCC4E0FF1C83C1253F6 /* Pods-PipelineTests.debug.xcconfig */;
			buildSettings = {
				ALWAYS_EMBED_SWIFT_STANDARD_LIBRARIES = YES;
				BUNDLE_LOADER = "$(TEST_HOST)";
				CODE_SIGN_STYLE = Automatic;
				INFOPLIST_FILE = PipelineTests/Info.plist;
				IPHONEOS_DEPLOYMENT_TARGET = 13.7;
				LD_RUNPATH_SEARCH_PATHS = (
					"$(inherited)",
					"@executable_path/Frameworks",
					"@loader_path/Frameworks",
				);
				PRODUCT_BUNDLE_IDENTIFIER = com.acciona.PipelineTests;
				PRODUCT_NAME = "$(TARGET_NAME)";
				SWIFT_VERSION = 5.0;
				TARGETED_DEVICE_FAMILY = "1,2";
				TEST_HOST = "$(BUILT_PRODUCTS_DIR)/Pipeline.app/Pipeline";
			};
			name = Debug;
		};
		18A217CC251283DA00177546 /* Release */ = {
			isa = XCBuildConfiguration;
			baseConfigurationReference = FFF6E6999B4D0713D84C4F36 /* Pods-PipelineTests.release.xcconfig */;
			buildSettings = {
				ALWAYS_EMBED_SWIFT_STANDARD_LIBRARIES = YES;
				BUNDLE_LOADER = "$(TEST_HOST)";
				CODE_SIGN_STYLE = Automatic;
				INFOPLIST_FILE = PipelineTests/Info.plist;
				IPHONEOS_DEPLOYMENT_TARGET = 13.7;
				LD_RUNPATH_SEARCH_PATHS = (
					"$(inherited)",
					"@executable_path/Frameworks",
					"@loader_path/Frameworks",
				);
				PRODUCT_BUNDLE_IDENTIFIER = com.acciona.PipelineTests;
				PRODUCT_NAME = "$(TARGET_NAME)";
				SWIFT_VERSION = 5.0;
				TARGETED_DEVICE_FAMILY = "1,2";
				TEST_HOST = "$(BUILT_PRODUCTS_DIR)/Pipeline.app/Pipeline";
			};
			name = Release;
		};
		18A217CE251283DA00177546 /* Debug */ = {
			isa = XCBuildConfiguration;
			baseConfigurationReference = D92E226728C92A8ED68BDCCA /* Pods-Pipeline-PipelineUITests.debug.xcconfig */;
			buildSettings = {
				ALWAYS_EMBED_SWIFT_STANDARD_LIBRARIES = YES;
				CODE_SIGN_STYLE = Automatic;
				INFOPLIST_FILE = PipelineUITests/Info.plist;
				LD_RUNPATH_SEARCH_PATHS = (
					"$(inherited)",
					"@executable_path/Frameworks",
					"@loader_path/Frameworks",
				);
				PRODUCT_BUNDLE_IDENTIFIER = com.acciona.PipelineUITests;
				PRODUCT_NAME = "$(TARGET_NAME)";
				SWIFT_VERSION = 5.0;
				TARGETED_DEVICE_FAMILY = "1,2";
				TEST_TARGET_NAME = Pipeline;
			};
			name = Debug;
		};
		18A217CF251283DA00177546 /* Release */ = {
			isa = XCBuildConfiguration;
			baseConfigurationReference = 5029130DCF0D6329C6DE966C /* Pods-Pipeline-PipelineUITests.release.xcconfig */;
			buildSettings = {
				ALWAYS_EMBED_SWIFT_STANDARD_LIBRARIES = YES;
				CODE_SIGN_STYLE = Automatic;
				INFOPLIST_FILE = PipelineUITests/Info.plist;
				LD_RUNPATH_SEARCH_PATHS = (
					"$(inherited)",
					"@executable_path/Frameworks",
					"@loader_path/Frameworks",
				);
				PRODUCT_BUNDLE_IDENTIFIER = com.acciona.PipelineUITests;
				PRODUCT_NAME = "$(TARGET_NAME)";
				SWIFT_VERSION = 5.0;
				TARGETED_DEVICE_FAMILY = "1,2";
				TEST_TARGET_NAME = Pipeline;
			};
			name = Release;
		};
/* End XCBuildConfiguration section */

/* Begin XCConfigurationList section */
		18A21798251283D600177546 /* Build configuration list for PBXProject "Pipeline" */ = {
			isa = XCConfigurationList;
			buildConfigurations = (
				18A217C5251283DA00177546 /* Debug */,
				18A217C6251283DA00177546 /* Release */,
			);
			defaultConfigurationIsVisible = 0;
			defaultConfigurationName = Release;
		};
		18A217C7251283DA00177546 /* Build configuration list for PBXNativeTarget "Pipeline" */ = {
			isa = XCConfigurationList;
			buildConfigurations = (
				18A217C8251283DA00177546 /* Debug */,
				18A217C9251283DA00177546 /* Release */,
			);
			defaultConfigurationIsVisible = 0;
			defaultConfigurationName = Release;
		};
		18A217CA251283DA00177546 /* Build configuration list for PBXNativeTarget "PipelineTests" */ = {
			isa = XCConfigurationList;
			buildConfigurations = (
				18A217CB251283DA00177546 /* Debug */,
				18A217CC251283DA00177546 /* Release */,
			);
			defaultConfigurationIsVisible = 0;
			defaultConfigurationName = Release;
		};
		18A217CD251283DA00177546 /* Build configuration list for PBXNativeTarget "PipelineUITests" */ = {
			isa = XCConfigurationList;
			buildConfigurations = (
				18A217CE251283DA00177546 /* Debug */,
				18A217CF251283DA00177546 /* Release */,
			);
			defaultConfigurationIsVisible = 0;
			defaultConfigurationName = Release;
		};
/* End XCConfigurationList section */
	};
	rootObject = 18A21795251283D600177546 /* Project object */;
}
